
Microsoft Visual Studio Solution File, Format Version 12.00
# Visual Studio Version 17
VisualStudioVersion = 17.11.35327.3
MinimumVisualStudioVersion = 10.0.40219.1
Project("{FAE04EC0-301F-11D3-BF4B-00C04F79EFBC}") = "LiveMap", "LiveMapBazaDani\LiveMap.csproj", "{1A0FBD5D-121C-4C91-B3F3-51CF63536722}"
EndProject
Project("{FAE04EC0-301F-11D3-BF4B-00C04F79EFBC}") = "LiveMap.Data", "LiveMap.Data\LiveMap.Data.csproj", "{4C53F247-4220-4357-83F7-3027A1A5A632}"
EndProject
Global
	GlobalSection(SolutionConfigurationPlatforms) = preSolution
		Debug|Any CPU = Debug|Any CPU
		Release|Any CPU = Release|Any CPU
	EndGlobalSection
	GlobalSection(ProjectConfigurationPlatforms) = postSolution
		{1A0FBD5D-121C-4C91-B3F3-51CF63536722}.Debug|Any CPU.ActiveCfg = Debug|Any CPU
		{1A0FBD5D-121C-4C91-B3F3-51CF63536722}.Debug|Any CPU.Build.0 = Debug|Any CPU
		{1A0FBD5D-121C-4C91-B3F3-51CF63536722}.Release|Any CPU.ActiveCfg = Release|Any CPU
		{1A0FBD5D-121C-4C91-B3F3-51CF63536722}.Release|Any CPU.Build.0 = Release|Any CPU
		{4C53F247-4220-4357-83F7-3027A1A5A632}.Debug|Any CPU.ActiveCfg = Debug|Any CPU
		{4C53F247-4220-4357-83F7-3027A1A5A632}.Debug|Any CPU.Build.0 = Debug|Any CPU
		{4C53F247-4220-4357-83F7-3027A1A5A632}.Release|Any CPU.ActiveCfg = Release|Any CPU
		{4C53F247-4220-4357-83F7-3027A1A5A632}.Release|Any CPU.Build.0 = Release|Any CPU
	EndGlobalSection
	GlobalSection(SolutionProperties) = preSolution
		HideSolutionNode = FALSE
	EndGlobalSection
	GlobalSection(ExtensibilityGlobals) = postSolution
		SolutionGuid = {61F5868C-57DF-4F49-81F5-745CF5258C42}
	EndGlobalSection
EndGlobal
